
Microsoft Visual Studio Solution File, Format Version 12.00
# Visual Studio Version 17
VisualStudioVersion = 17.0.32014.148
MinimumVisualStudioVersion = 10.0.40219.1
Project("{FAE04EC0-301F-11D3-BF4B-00C04F79EFBC}") = "AWS.SDK.Samples.Application", "src\AWS.SDK.Samples.Application\AWS.SDK.Samples.Application.csproj", "{33FD16E2-CB07-4A61-AEB2-B8DF6BD81856}"
EndProject
Project("{FAE04EC0-301F-11D3-BF4B-00C04F79EFBC}") = "AWS.SDK.Samples.Cognito", "src\AWS.SDK.Samples.Cognito\AWS.SDK.Samples.Cognito.csproj", "{D768E5CB-8295-44B2-BC14-292E6BB4B930}"
EndProject
Project("{FAE04EC0-301F-11D3-BF4B-00C04F79EFBC}") = "AWS.SDK.Samples.S3", "src\AWS.SDK.Samples.S3\AWS.SDK.Samples.S3.csproj", "{E7CB6C3D-AB42-44CB-8202-6235C3D984AB}"
EndProject
Global
	GlobalSection(SolutionConfigurationPlatforms) = preSolution
		Debug|Any CPU = Debug|Any CPU
		Release|Any CPU = Release|Any CPU
	EndGlobalSection
	GlobalSection(ProjectConfigurationPlatforms) = postSolution
		{33FD16E2-CB07-4A61-AEB2-B8DF6BD81856}.Debug|Any CPU.ActiveCfg = Debug|Any CPU
		{33FD16E2-CB07-4A61-AEB2-B8DF6BD81856}.Debug|Any CPU.Build.0 = Debug|Any CPU
		{33FD16E2-CB07-4A61-AEB2-B8DF6BD81856}.Release|Any CPU.ActiveCfg = Release|Any CPU
		{33FD16E2-CB07-4A61-AEB2-B8DF6BD81856}.Release|Any CPU.Build.0 = Release|Any CPU
		{D768E5CB-8295-44B2-BC14-292E6BB4B930}.Debug|Any CPU.ActiveCfg = Debug|Any CPU
		{D768E5CB-8295-44B2-BC14-292E6BB4B930}.Debug|Any CPU.Build.0 = Debug|Any CPU
		{D768E5CB-8295-44B2-BC14-292E6BB4B930}.Release|Any CPU.ActiveCfg = Release|Any CPU
		{D768E5CB-8295-44B2-BC14-292E6BB4B930}.Release|Any CPU.Build.0 = Release|Any CPU
		{E7CB6C3D-AB42-44CB-8202-6235C3D984AB}.Debug|Any CPU.ActiveCfg = Debug|Any CPU
		{E7CB6C3D-AB42-44CB-8202-6235C3D984AB}.Debug|Any CPU.Build.0 = Debug|Any CPU
		{E7CB6C3D-AB42-44CB-8202-6235C3D984AB}.Release|Any CPU.ActiveCfg = Release|Any CPU
		{E7CB6C3D-AB42-44CB-8202-6235C3D984AB}.Release|Any CPU.Build.0 = Release|Any CPU
	EndGlobalSection
	GlobalSection(SolutionProperties) = preSolution
		HideSolutionNode = FALSE
	EndGlobalSection
	GlobalSection(ExtensibilityGlobals) = postSolution
		SolutionGuid = {A5B21B07-7807-4197-ADC9-15601385626C}
	EndGlobalSection
EndGlobal
